
Microsoft Visual Studio Solution File, Format Version 12.00
# Visual Studio Version 16
VisualStudioVersion = 16.6.30114.105
MinimumVisualStudioVersion = 10.0.40219.1
Project("{9A19103F-16F7-4668-BE54-9A1E7A4F7556}") = "API", "src\1 - API\API.csproj", "{8F84D2E6-3A48-4BB8-A2D5-62998160F972}"
EndProject
Project("{9A19103F-16F7-4668-BE54-9A1E7A4F7556}") = "Domain", "src\2 - Domain\Domain.csproj", "{36664AFF-4A8D-4619-9F2B-F2F93982EEEE}"
EndProject
Project("{9A19103F-16F7-4668-BE54-9A1E7A4F7556}") = "Services", "src\3 - Services\Services.csproj", "{D745C8C2-FB45-4048-A4D2-ADB7927E5CE1}"
EndProject
Project("{9A19103F-16F7-4668-BE54-9A1E7A4F7556}") = "Infra", "src\4 - Infra\Infra.csproj", "{EC2C65AE-52EC-43D0-8D1F-07A993B386D2}"
EndProject
Project("{9A19103F-16F7-4668-BE54-9A1E7A4F7556}") = "Core", "src\5 - Core\Core.csproj", "{A64F42F0-1049-4821-823F-CB4059CC1D46}"
EndProject
Global
	GlobalSection(SolutionConfigurationPlatforms) = preSolution
		Debug|Any CPU = Debug|Any CPU
		Release|Any CPU = Release|Any CPU
	EndGlobalSection
	GlobalSection(ProjectConfigurationPlatforms) = postSolution
		{8F84D2E6-3A48-4BB8-A2D5-62998160F972}.Debug|Any CPU.ActiveCfg = Debug|Any CPU
		{8F84D2E6-3A48-4BB8-A2D5-62998160F972}.Debug|Any CPU.Build.0 = Debug|Any CPU
		{8F84D2E6-3A48-4BB8-A2D5-62998160F972}.Release|Any CPU.ActiveCfg = Release|Any CPU
		{8F84D2E6-3A48-4BB8-A2D5-62998160F972}.Release|Any CPU.Build.0 = Release|Any CPU
		{36664AFF-4A8D-4619-9F2B-F2F93982EEEE}.Debug|Any CPU.ActiveCfg = Debug|Any CPU
		{36664AFF-4A8D-4619-9F2B-F2F93982EEEE}.Debug|Any CPU.Build.0 = Debug|Any CPU
		{36664AFF-4A8D-4619-9F2B-F2F93982EEEE}.Release|Any CPU.ActiveCfg = Release|Any CPU
		{36664AFF-4A8D-4619-9F2B-F2F93982EEEE}.Release|Any CPU.Build.0 = Release|Any CPU
		{D745C8C2-FB45-4048-A4D2-ADB7927E5CE1}.Debug|Any CPU.ActiveCfg = Debug|Any CPU
		{D745C8C2-FB45-4048-A4D2-ADB7927E5CE1}.Debug|Any CPU.Build.0 = Debug|Any CPU
		{D745C8C2-FB45-4048-A4D2-ADB7927E5CE1}.Release|Any CPU.ActiveCfg = Release|Any CPU
		{D745C8C2-FB45-4048-A4D2-ADB7927E5CE1}.Release|Any CPU.Build.0 = Release|Any CPU
		{EC2C65AE-52EC-43D0-8D1F-07A993B386D2}.Debug|Any CPU.ActiveCfg = Debug|Any CPU
		{EC2C65AE-52EC-43D0-8D1F-07A993B386D2}.Debug|Any CPU.Build.0 = Debug|Any CPU
		{EC2C65AE-52EC-43D0-8D1F-07A993B386D2}.Release|Any CPU.ActiveCfg = Release|Any CPU
		{EC2C65AE-52EC-43D0-8D1F-07A993B386D2}.Release|Any CPU.Build.0 = Release|Any CPU
		{A64F42F0-1049-4821-823F-CB4059CC1D46}.Debug|Any CPU.ActiveCfg = Debug|Any CPU
		{A64F42F0-1049-4821-823F-CB4059CC1D46}.Debug|Any CPU.Build.0 = Debug|Any CPU
		{A64F42F0-1049-4821-823F-CB4059CC1D46}.Release|Any CPU.ActiveCfg = Release|Any CPU
		{A64F42F0-1049-4821-823F-CB4059CC1D46}.Release|Any CPU.Build.0 = Release|Any CPU
	EndGlobalSection
	GlobalSection(SolutionProperties) = preSolution
		HideSolutionNode = FALSE
	EndGlobalSection
	GlobalSection(ExtensibilityGlobals) = postSolution
		SolutionGuid = {4DB9EEC2-DDC0-4698-B53F-DF788E400C8F}
	EndGlobalSection
EndGlobal
